<?xml version="1.0" encoding="utf-8"?>
<Project ToolsVersion="4.0" xmlns="http://schemas.microsoft.com/developer/msbuild/2003">
  <ItemGroup>
    <Filter Include="ソース ファイル">
      <UniqueIdentifier>{4FC737F1-C7A5-4376-A066-2A32D752A2FF}</UniqueIdentifier>
      <Extensions>cpp;c;cc;cxx;c++;cppm;ixx;def;odl;idl;hpj;bat;asm;asmx</Extensions>
    </Filter>
    <Filter Include="ヘッダー ファイル">
      <UniqueIdentifier>{93995380-89BD-4b04-88EB-625FBE52EBFB}</UniqueIdentifier>
      <Extensions>h;hh;hpp;hxx;h++;hm;inl;inc;ipp;xsd</Extensions>
    </Filter>
    <Filter Include="リソース ファイル">
      <UniqueIdentifier>{67DA6AB6-F800-4c08-8B7A-83BB121AAD01}</UniqueIdentifier>
      <Extensions>rc;ico;cur;bmp;dlg;rc2;rct;bin;rgs;gif;jpg;jpeg;jpe;resx;tiff;tif;png;wav;mfcribbon-ms</Extensions>
    </Filter>
    <Filter Include="シェーダー ファイル">
      <UniqueIdentifier>{718c7f4c-fc51-40ad-a221-b9456a7a1a3c}</UniqueIdentifier>
    </Filter>
    <Filter Include="ソース ファイル\action">
      <UniqueIdentifier>{1ed69199-be59-4930-b1b6-96fbd3973b3c}</UniqueIdentifier>
    </Filter>
    <Filter Include="ソース ファイル\action\actor">
      <UniqueIdentifier>{9bc7b939-a2c1-4046-ba63-faefeae5c873}</UniqueIdentifier>
    </Filter>
    <Filter Include="ソース ファイル\action\actor\player">
      <UniqueIdentifier>{c54f0418-ff3b-4ed3-be18-1fe034750290}</UniqueIdentifier>
    </Filter>
    <Filter Include="ヘッダー ファイル\action">
      <UniqueIdentifier>{3b9b8686-8847-4e51-add1-42bfd23c6653}</UniqueIdentifier>
    </Filter>
    <Filter Include="ヘッダー ファイル\action\actor">
      <UniqueIdentifier>{eb61bba2-770c-40d8-b2ec-d86d4c9843ba}</UniqueIdentifier>
    </Filter>
    <Filter Include="ヘッダー ファイル\action\actor\player">
      <UniqueIdentifier>{ebd47147-2195-4328-ae38-52391ee9b458}</UniqueIdentifier>
    </Filter>
    <Filter Include="ソース ファイル\action\actor\bullet">
      <UniqueIdentifier>{4d4be31c-2a24-4bbf-8cec-a7192c63314e}</UniqueIdentifier>
    </Filter>
    <Filter Include="ヘッダー ファイル\action\actor\bullet">
      <UniqueIdentifier>{f61e4ef2-3d1a-49ab-8f6e-d9c4124ef7ff}</UniqueIdentifier>
    </Filter>
    <Filter Include="ソース ファイル\action\actor\enemy">
      <UniqueIdentifier>{7fcb4da6-52ac-4526-b3ed-31e479854ef1}</UniqueIdentifier>
    </Filter>
    <Filter Include="ヘッダー ファイル\action\actor\enemy">
      <UniqueIdentifier>{71e7b2f1-7de9-41d0-a24e-d14eafefcfb5}</UniqueIdentifier>
    </Filter>
  </ItemGroup>
  <ItemGroup>
    <ClCompile Include="main.cpp">
      <Filter>ソース ファイル</Filter>
    </ClCompile>
    <ClCompile Include="Action\actor\player\PlayerActor.cpp">
      <Filter>ソース ファイル\action\actor\player</Filter>
    </ClCompile>
    <ClCompile Include="Action\actor\player\PlayerMain.cpp">
      <Filter>ソース ファイル\action\actor\player</Filter>
    </ClCompile>
    <ClCompile Include="Scene\GameScene.cpp">
      <Filter>ソース ファイル</Filter>
    </ClCompile>
    <ClCompile Include="worldTransfromEX.cpp">
      <Filter>ソース ファイル</Filter>
    </ClCompile>
    <ClCompile Include="MathUtilityEX.cpp">
      <Filter>ソース ファイル</Filter>
    </ClCompile>
    <ClCompile Include="Action\actor\player\PlayerFactory.cpp">
      <Filter>ソース ファイル\action\actor\player</Filter>
    </ClCompile>
    <ClCompile Include="Action\actor\player\PlayerManager.cpp">
      <Filter>ソース ファイル\action\actor\player</Filter>
    </ClCompile>
    <ClCompile Include="Action\actor\ActorManager.cpp">
      <Filter>ソース ファイル\action\actor</Filter>
    </ClCompile>
    <ClCompile Include="Action\FolloCamera.cpp">
      <Filter>ソース ファイル\action</Filter>
    </ClCompile>
    <ClCompile Include="Action\actor\bullet\BulletActor.cpp">
      <Filter>ソース ファイル\action\actor\bullet</Filter>
    </ClCompile>
    <ClCompile Include="Action\actor\bullet\BulletPlayerSubAttack.cpp">
      <Filter>ソース ファイル\action\actor\bullet</Filter>
    </ClCompile>
    <ClCompile Include="Action\actor\enemy\EnemyActor.cpp">
      <Filter>ソース ファイル\action\actor\enemy</Filter>
    </ClCompile>
    <ClCompile Include="Action\actor\enemy\EnemyFactory.cpp">
      <Filter>ソース ファイル\action\actor\enemy</Filter>
    </ClCompile>
    <ClCompile Include="Action\actor\enemy\EnemyManager.cpp">
      <Filter>ソース ファイル\action\actor\enemy</Filter>
    </ClCompile>
    <ClCompile Include="Action\actor\enemy\EnemyTest.cpp">
      <Filter>ソース ファイル\action\actor\enemy</Filter>
    </ClCompile>
    <ClCompile Include="Action\actor\bullet\BulletPlayerNormalAttack.cpp">
      <Filter>ソース ファイル\action\actor\bullet</Filter>
    </ClCompile>
    <ClCompile Include="Action\actor\enemy\EnemyShort.cpp">
      <Filter>ソース ファイル\action\actor\enemy</Filter>
    </ClCompile>
    <ClCompile Include="Action\actor\enemy\EnemyFly.cpp">
      <Filter>ソース ファイル\action\actor\enemy</Filter>
    </ClCompile>
    <ClCompile Include="Action\actor\enemy\EnemyLong.cpp">
      <Filter>ソース ファイル\action\actor\enemy</Filter>
    </ClCompile>
  </ItemGroup>
  <ItemGroup>
    <FxCompile Include="Resources\shaders\SpritePS.hlsl">
      <Filter>シェーダー ファイル</Filter>
    </FxCompile>
    <FxCompile Include="Resources\shaders\SpriteVS.hlsl">
      <Filter>シェーダー ファイル</Filter>
    </FxCompile>
    <FxCompile Include="Resources\shaders\ShapeVS.hlsl">
      <Filter>シェーダー ファイル</Filter>
    </FxCompile>
    <FxCompile Include="Resources\shaders\ShapePS.hlsl">
      <Filter>シェーダー ファイル</Filter>
    </FxCompile>
    <FxCompile Include="Resources\shaders\ObjPS.hlsl">
      <Filter>シェーダー ファイル</Filter>
    </FxCompile>
    <FxCompile Include="Resources\shaders\ObjVS.hlsl">
      <Filter>シェーダー ファイル</Filter>
    </FxCompile>
    <FxCompile Include="Resources\shaders\PrimitivePS.hlsl">
      <Filter>シェーダー ファイル</Filter>
    </FxCompile>
    <FxCompile Include="Resources\shaders\PrimitiveVS.hlsl">
      <Filter>シェーダー ファイル</Filter>
    </FxCompile>
    <FxCompile Include="Resources\shaders\TerrainPS.hlsl">
      <Filter>シェーダー ファイル</Filter>
    </FxCompile>
    <FxCompile Include="Resources\shaders\TerrainVS.hlsl">
      <Filter>シェーダー ファイル</Filter>
    </FxCompile>
  </ItemGroup>
  <ItemGroup>
    <None Include="Resources\shaders\Sprite.hlsli">
      <Filter>シェーダー ファイル</Filter>
    </None>
    <None Include="Resources\shaders\Shape.hlsli">
      <Filter>シェーダー ファイル</Filter>
    </None>
    <None Include="Resources\shaders\Obj.hlsli">
      <Filter>シェーダー ファイル</Filter>
    </None>
    <None Include="Resources\shaders\Primitive.hlsli">
      <Filter>シェーダー ファイル</Filter>
    </None>
    <None Include="Resources\shaders\Terrain.hlsli">
      <Filter>シェーダー ファイル</Filter>
    </None>
  </ItemGroup>
  <ItemGroup>
    <ClInclude Include="Action\actor\player\PlayerActor.h">
      <Filter>ヘッダー ファイル\action\actor\player</Filter>
    </ClInclude>
    <ClInclude Include="Action\actor\player\PlayerMain.h">
      <Filter>ヘッダー ファイル\action\actor\player</Filter>
    </ClInclude>
    <ClInclude Include="Scene\GameScene.h">
      <Filter>ヘッダー ファイル</Filter>
    </ClInclude>
    <ClInclude Include="Action\actor\player\PlayerManager.h">
      <Filter>ヘッダー ファイル\action\actor\player</Filter>
    </ClInclude>
    <ClInclude Include="Action\actor\player\PlayerFactory.h">
      <Filter>ヘッダー ファイル\action\actor\player</Filter>
    </ClInclude>
    <ClInclude Include="Action\FolloCamera.h">
      <Filter>ヘッダー ファイル\action</Filter>
    </ClInclude>
    <ClInclude Include="Action\actor\ActorManager.h">
      <Filter>ヘッダー ファイル\action\actor</Filter>
    </ClInclude>
    <ClInclude Include="Action\actor\bullet\BulletActor.h">
      <Filter>ヘッダー ファイル\action\actor\bullet</Filter>
    </ClInclude>
    <ClInclude Include="Action\actor\bullet\BulletPlayerSubAttack.h">
      <Filter>ヘッダー ファイル\action\actor\bullet</Filter>
    </ClInclude>
    <ClInclude Include="Action\actor\enemy\EnemyActor.h">
      <Filter>ヘッダー ファイル\action\actor\enemy</Filter>
    </ClInclude>
    <ClInclude Include="Action\actor\enemy\EnemyFactory.h">
      <Filter>ヘッダー ファイル\action\actor\enemy</Filter>
    </ClInclude>
    <ClInclude Include="Action\actor\enemy\EnemyManager.h">
      <Filter>ヘッダー ファイル\action\actor\enemy</Filter>
    </ClInclude>
    <ClInclude Include="Action\actor\enemy\EnemyTest.h">
      <Filter>ヘッダー ファイル\action\actor\enemy</Filter>
    </ClInclude>
    <ClInclude Include="Action\actor\bullet\BulletPlayerNormalAttack.h">
      <Filter>ヘッダー ファイル\action\actor\bullet</Filter>
    </ClInclude>
    <ClInclude Include="Action\actor\enemy\EnemyFly.h">
      <Filter>ヘッダー ファイル\action\actor\enemy</Filter>
    </ClInclude>
    <ClInclude Include="Action\actor\enemy\EnemyLong.h">
      <Filter>ヘッダー ファイル\action\actor\enemy</Filter>
    </ClInclude>
    <ClInclude Include="Action\actor\enemy\EnemyShort.h">
      <Filter>ヘッダー ファイル\action\actor\enemy</Filter>
    </ClInclude>
  </ItemGroup>
</Project>