<?xml version="1.0" encoding="utf-8"?>
<Project ToolsVersion="4.0" xmlns="http://schemas.microsoft.com/developer/msbuild/2003">
  <ItemGroup>
    <Filter Include="ソース ファイル">
      <UniqueIdentifier>{4FC737F1-C7A5-4376-A066-2A32D752A2FF}</UniqueIdentifier>
      <Extensions>cpp;c;cc;cxx;c++;cppm;ixx;def;odl;idl;hpj;bat;asm;asmx</Extensions>
    </Filter>
    <Filter Include="ヘッダー ファイル">
      <UniqueIdentifier>{93995380-89BD-4b04-88EB-625FBE52EBFB}</UniqueIdentifier>
      <Extensions>h;hh;hpp;hxx;h++;hm;inl;inc;ipp;xsd</Extensions>
    </Filter>
    <Filter Include="リソース ファイル">
      <UniqueIdentifier>{67DA6AB6-F800-4c08-8B7A-83BB121AAD01}</UniqueIdentifier>
      <Extensions>rc;ico;cur;bmp;dlg;rc2;rct;bin;rgs;gif;jpg;jpeg;jpe;resx;tiff;tif;png;wav;mfcribbon-ms</Extensions>
    </Filter>
    <Filter Include="シェーダー ファイル">
      <UniqueIdentifier>{718c7f4c-fc51-40ad-a221-b9456a7a1a3c}</UniqueIdentifier>
    </Filter>
    <Filter Include="ソース ファイル\puzzle">
      <UniqueIdentifier>{925ed122-289b-4bf9-a3dd-b9e5d32d973a}</UniqueIdentifier>
    </Filter>
    <Filter Include="ソース ファイル\puzzle\puzzleCollection">
      <UniqueIdentifier>{e788e918-038b-49a8-94bc-3089b7bfbd34}</UniqueIdentifier>
    </Filter>
    <Filter Include="ソース ファイル\puzzle\puzzleCollection\puzzles">
      <UniqueIdentifier>{5f619d59-8bc5-4d74-beb6-b458648bde94}</UniqueIdentifier>
    </Filter>
    <Filter Include="ヘッダー ファイル\puzzle">
      <UniqueIdentifier>{8c02c9d8-1458-40dd-a911-08308ad6984f}</UniqueIdentifier>
    </Filter>
    <Filter Include="ヘッダー ファイル\puzzle\puzzleCollection">
      <UniqueIdentifier>{b46b785e-7d50-4674-9f52-dcbfd96beef4}</UniqueIdentifier>
    </Filter>
    <Filter Include="ヘッダー ファイル\puzzle\puzzleCollection\puzzles">
      <UniqueIdentifier>{b088cd7a-5aa6-4d09-8120-9ae9bb63fc41}</UniqueIdentifier>
    </Filter>
  </ItemGroup>
  <ItemGroup>
    <ClCompile Include="main.cpp">
      <Filter>ソース ファイル</Filter>
    </ClCompile>
    <ClCompile Include="GameScene.cpp">
      <Filter>ソース ファイル</Filter>
    </ClCompile>
    <ClCompile Include="Puzzule\PuzzleManager.cpp">
      <Filter>ソース ファイル\puzzle</Filter>
    </ClCompile>
    <ClCompile Include="Puzzule\PuzzleCollection\PuzzleCollection.cpp">
      <Filter>ソース ファイル\puzzle\puzzleCollection</Filter>
    </ClCompile>
    <ClCompile Include="Puzzule\PuzzleCollection\puzzles\PuzzleFactory.cpp">
      <Filter>ソース ファイル\puzzle\puzzleCollection\puzzles</Filter>
    </ClCompile>
  </ItemGroup>
  <ItemGroup>
    <FxCompile Include="Resources\shaders\SpritePS.hlsl">
      <Filter>シェーダー ファイル</Filter>
    </FxCompile>
    <FxCompile Include="Resources\shaders\SpriteVS.hlsl">
      <Filter>シェーダー ファイル</Filter>
    </FxCompile>
    <FxCompile Include="Resources\shaders\ShapeVS.hlsl">
      <Filter>シェーダー ファイル</Filter>
    </FxCompile>
    <FxCompile Include="Resources\shaders\ShapePS.hlsl">
      <Filter>シェーダー ファイル</Filter>
    </FxCompile>
    <FxCompile Include="Resources\shaders\ObjPS.hlsl">
      <Filter>シェーダー ファイル</Filter>
    </FxCompile>
    <FxCompile Include="Resources\shaders\ObjVS.hlsl">
      <Filter>シェーダー ファイル</Filter>
    </FxCompile>
    <FxCompile Include="Resources\shaders\PrimitivePS.hlsl">
      <Filter>シェーダー ファイル</Filter>
    </FxCompile>
    <FxCompile Include="Resources\shaders\PrimitiveVS.hlsl">
      <Filter>シェーダー ファイル</Filter>
    </FxCompile>
    <FxCompile Include="Resources\shaders\TerrainPS.hlsl">
      <Filter>シェーダー ファイル</Filter>
    </FxCompile>
    <FxCompile Include="Resources\shaders\TerrainVS.hlsl">
      <Filter>シェーダー ファイル</Filter>
    </FxCompile>
  </ItemGroup>
  <ItemGroup>
    <None Include="Resources\shaders\Sprite.hlsli">
      <Filter>シェーダー ファイル</Filter>
    </None>
    <None Include="Resources\shaders\Shape.hlsli">
      <Filter>シェーダー ファイル</Filter>
    </None>
    <None Include="Resources\shaders\Obj.hlsli">
      <Filter>シェーダー ファイル</Filter>
    </None>
    <None Include="Resources\shaders\Primitive.hlsli">
      <Filter>シェーダー ファイル</Filter>
    </None>
    <None Include="Resources\shaders\Terrain.hlsli">
      <Filter>シェーダー ファイル</Filter>
    </None>
  </ItemGroup>
  <ItemGroup>
    <ClInclude Include="Scene\GameScene.h">
      <Filter>ヘッダー ファイル</Filter>
    </ClInclude>
    <ClInclude Include="Puzzule\PuzzleManager.h">
      <Filter>ヘッダー ファイル\puzzle</Filter>
    </ClInclude>
    <ClInclude Include="Puzzule\PuzzleCollection\PuzzleCollection.h">
      <Filter>ヘッダー ファイル\puzzle\puzzleCollection</Filter>
    </ClInclude>
    <ClInclude Include="Puzzule\PuzzleCollection\puzzles\PuzzleFactory.h">
      <Filter>ヘッダー ファイル\puzzle\puzzleCollection\puzzles</Filter>
    </ClInclude>
  </ItemGroup>
</Project>